
Microsoft Visual Studio Solution File, Format Version 12.00
# Visual Studio Version 17
VisualStudioVersion = 17.9.34728.123
MinimumVisualStudioVersion = 10.0.40219.1
Project("{FAE04EC0-301F-11D3-BF4B-00C04F79EFBC}") = "CrudNet8MVC", "CrudNet8MVC\CrudNet8MVC.csproj", "{9FFA18B1-0252-4F10-A3CA-8CE0002831B1}"
EndProject
Global
	GlobalSection(SolutionConfigurationPlatforms) = preSolution
		Debug|Any CPU = Debug|Any CPU
		Release|Any CPU = Release|Any CPU
	EndGlobalSection
	GlobalSection(ProjectConfigurationPlatforms) = postSolution
		{9FFA18B1-0252-4F10-A3CA-8CE0002831B1}.Debug|Any CPU.ActiveCfg = Debug|Any CPU
		{9FFA18B1-0252-4F10-A3CA-8CE0002831B1}.Debug|Any CPU.Build.0 = Debug|Any CPU
		{9FFA18B1-0252-4F10-A3CA-8CE0002831B1}.Release|Any CPU.ActiveCfg = Release|Any CPU
		{9FFA18B1-0252-4F10-A3CA-8CE0002831B1}.Release|Any CPU.Build.0 = Release|Any CPU
	EndGlobalSection
	GlobalSection(SolutionProperties) = preSolution
		HideSolutionNode = FALSE
	EndGlobalSection
	GlobalSection(ExtensibilityGlobals) = postSolution
		SolutionGuid = {AB67BC84-05BB-4F60-BFF9-091AAA9E06C0}
	EndGlobalSection
EndGlobal
